
Microsoft Visual Studio Solution File, Format Version 12.00
# Visual Studio Version 17
VisualStudioVersion = 17.4.33110.190
MinimumVisualStudioVersion = 10.0.40219.1
Project("{9A19103F-16F7-4668-BE54-9A1E7A4F7556}") = "Common", "Common\Common.csproj", "{A1AE4511-7A38-45EA-B840-0A9B3185FA79}"
EndProject
Project("{9A19103F-16F7-4668-BE54-9A1E7A4F7556}") = "Core", "Core\Core.csproj", "{71E0A553-B08F-4817-87E4-CB555781B04E}"
EndProject
Project("{9A19103F-16F7-4668-BE54-9A1E7A4F7556}") = "Data", "Data\Data.csproj", "{074FB86F-E869-429C-8456-8EDDCB8329E2}"
EndProject
Project("{9A19103F-16F7-4668-BE54-9A1E7A4F7556}") = "SDLV1", "SDLV1\SDLV1.csproj", "{009B7B63-8C13-452B-87D5-C73867F27303}"
EndProject
Project("{9A19103F-16F7-4668-BE54-9A1E7A4F7556}") = "Service", "Service\Service.csproj", "{D0C2C02A-5331-4A15-AAA4-7B325A05ABA8}"
EndProject
Project("{9A19103F-16F7-4668-BE54-9A1E7A4F7556}") = "WebFrameWork", "WebFrameWork\WebFrameWork.csproj", "{DB28EE6B-1208-410B-9BB9-7ED4223DE02F}"
EndProject
Project("{9A19103F-16F7-4668-BE54-9A1E7A4F7556}") = "API", "API\API.csproj", "{51E83350-B682-49C9-A98D-67F402769449}"
EndProject
Global
	GlobalSection(SolutionConfigurationPlatforms) = preSolution
		Debug|Any CPU = Debug|Any CPU
		Release|Any CPU = Release|Any CPU
	EndGlobalSection
	GlobalSection(ProjectConfigurationPlatforms) = postSolution
		{A1AE4511-7A38-45EA-B840-0A9B3185FA79}.Debug|Any CPU.ActiveCfg = Debug|Any CPU
		{A1AE4511-7A38-45EA-B840-0A9B3185FA79}.Debug|Any CPU.Build.0 = Debug|Any CPU
		{A1AE4511-7A38-45EA-B840-0A9B3185FA79}.Release|Any CPU.ActiveCfg = Release|Any CPU
		{A1AE4511-7A38-45EA-B840-0A9B3185FA79}.Release|Any CPU.Build.0 = Release|Any CPU
		{71E0A553-B08F-4817-87E4-CB555781B04E}.Debug|Any CPU.ActiveCfg = Debug|Any CPU
		{71E0A553-B08F-4817-87E4-CB555781B04E}.Debug|Any CPU.Build.0 = Debug|Any CPU
		{71E0A553-B08F-4817-87E4-CB555781B04E}.Release|Any CPU.ActiveCfg = Release|Any CPU
		{71E0A553-B08F-4817-87E4-CB555781B04E}.Release|Any CPU.Build.0 = Release|Any CPU
		{074FB86F-E869-429C-8456-8EDDCB8329E2}.Debug|Any CPU.ActiveCfg = Debug|Any CPU
		{074FB86F-E869-429C-8456-8EDDCB8329E2}.Debug|Any CPU.Build.0 = Debug|Any CPU
		{074FB86F-E869-429C-8456-8EDDCB8329E2}.Release|Any CPU.ActiveCfg = Release|Any CPU
		{074FB86F-E869-429C-8456-8EDDCB8329E2}.Release|Any CPU.Build.0 = Release|Any CPU
		{009B7B63-8C13-452B-87D5-C73867F27303}.Debug|Any CPU.ActiveCfg = Debug|Any CPU
		{009B7B63-8C13-452B-87D5-C73867F27303}.Debug|Any CPU.Build.0 = Debug|Any CPU
		{009B7B63-8C13-452B-87D5-C73867F27303}.Release|Any CPU.ActiveCfg = Release|Any CPU
		{009B7B63-8C13-452B-87D5-C73867F27303}.Release|Any CPU.Build.0 = Release|Any CPU
		{D0C2C02A-5331-4A15-AAA4-7B325A05ABA8}.Debug|Any CPU.ActiveCfg = Debug|Any CPU
		{D0C2C02A-5331-4A15-AAA4-7B325A05ABA8}.Debug|Any CPU.Build.0 = Debug|Any CPU
		{D0C2C02A-5331-4A15-AAA4-7B325A05ABA8}.Release|Any CPU.ActiveCfg = Release|Any CPU
		{D0C2C02A-5331-4A15-AAA4-7B325A05ABA8}.Release|Any CPU.Build.0 = Release|Any CPU
		{DB28EE6B-1208-410B-9BB9-7ED4223DE02F}.Debug|Any CPU.ActiveCfg = Debug|Any CPU
		{DB28EE6B-1208-410B-9BB9-7ED4223DE02F}.Debug|Any CPU.Build.0 = Debug|Any CPU
		{DB28EE6B-1208-410B-9BB9-7ED4223DE02F}.Release|Any CPU.ActiveCfg = Release|Any CPU
		{DB28EE6B-1208-410B-9BB9-7ED4223DE02F}.Release|Any CPU.Build.0 = Release|Any CPU
		{51E83350-B682-49C9-A98D-67F402769449}.Debug|Any CPU.ActiveCfg = Debug|Any CPU
		{51E83350-B682-49C9-A98D-67F402769449}.Debug|Any CPU.Build.0 = Debug|Any CPU
		{51E83350-B682-49C9-A98D-67F402769449}.Release|Any CPU.ActiveCfg = Release|Any CPU
		{51E83350-B682-49C9-A98D-67F402769449}.Release|Any CPU.Build.0 = Release|Any CPU
	EndGlobalSection
	GlobalSection(SolutionProperties) = preSolution
		HideSolutionNode = FALSE
	EndGlobalSection
	GlobalSection(ExtensibilityGlobals) = postSolution
		SolutionGuid = {01F4CF5A-F5D9-447E-97D0-0FF57E44C933}
	EndGlobalSection
EndGlobal
